// !$*UTF8*$!
{
	archiveVersion = 1;
	classes = {
	};
	objectVersion = 56;
	objects = {

/* Begin PBXBuildFile section */
		3A560F282B7A1BFB0009AE58 /* AppDelegate.swift in Sources */ = {isa = PBXBuildFile; fileRef = 3A560F272B7A1BFB0009AE58 /* AppDelegate.swift */; };
		3A560F2A2B7A1BFB0009AE58 /* SceneDelegate.swift in Sources */ = {isa = PBXBuildFile; fileRef = 3A560F292B7A1BFB0009AE58 /* SceneDelegate.swift */; };
		3A560F2C2B7A1BFB0009AE58 /* ViewController.swift in Sources */ = {isa = PBXBuildFile; fileRef = 3A560F2B2B7A1BFB0009AE58 /* ViewController.swift */; };
		3A560F2F2B7A1BFB0009AE58 /* Main.storyboard in Resources */ = {isa = PBXBuildFile; fileRef = 3A560F2D2B7A1BFB0009AE58 /* Main.storyboard */; };
		3A560F312B7A1BFC0009AE58 /* Assets.xcassets in Resources */ = {isa = PBXBuildFile; fileRef = 3A560F302B7A1BFC0009AE58 /* Assets.xcassets */; };
		3A560F342B7A1BFC0009AE58 /* LaunchScreen.storyboard in Resources */ = {isa = PBXBuildFile; fileRef = 3A560F322B7A1BFC0009AE58 /* LaunchScreen.storyboard */; };
		3A560F3F2B7A1BFC0009AE58 /* To_Do_AppTests.swift in Sources */ = {isa = PBXBuildFile; fileRef = 3A560F3E2B7A1BFC0009AE58 /* To_Do_AppTests.swift */; };
		3A560F492B7A1BFC0009AE58 /* To_Do_AppUITests.swift in Sources */ = {isa = PBXBuildFile; fileRef = 3A560F482B7A1BFC0009AE58 /* To_Do_AppUITests.swift */; };
		3A560F4B2B7A1BFC0009AE58 /* To_Do_AppUITestsLaunchTests.swift in Sources */ = {isa = PBXBuildFile; fileRef = 3A560F4A2B7A1BFC0009AE58 /* To_Do_AppUITestsLaunchTests.swift */; };
		3A560F582B7A21640009AE58 /* TaskViewController.swift in Sources */ = {isa = PBXBuildFile; fileRef = 3A560F572B7A21640009AE58 /* TaskViewController.swift */; };
		3A560F5A2B7A218D0009AE58 /* EntryViewController.swift in Sources */ = {isa = PBXBuildFile; fileRef = 3A560F592B7A218D0009AE58 /* EntryViewController.swift */; };
/* End PBXBuildFile section */

/* Begin PBXContainerItemProxy section */
		3A560F3B2B7A1BFC0009AE58 /* PBXContainerItemProxy */ = {
			isa = PBXContainerItemProxy;
			containerPortal = 3A560F1C2B7A1BFB0009AE58 /* Project object */;
			proxyType = 1;
			remoteGlobalIDString = 3A560F232B7A1BFB0009AE58;
			remoteInfo = "To Do App";
		};
		3A560F452B7A1BFC0009AE58 /* PBXContainerItemProxy */ = {
			isa = PBXContainerItemProxy;
			containerPortal = 3A560F1C2B7A1BFB0009AE58 /* Project object */;
			proxyType = 1;
			remoteGlobalIDString = 3A560F232B7A1BFB0009AE58;
			remoteInfo = "To Do App";
		};
/* End PBXContainerItemProxy section */

/* Begin PBXFileReference section */
		3A560F242B7A1BFB0009AE58 /* To Do App.app */ = {isa = PBXFileReference; explicitFileType = wrapper.application; includeInIndex = 0; path = "To Do App.app"; sourceTree = BUILT_PRODUCTS_DIR; };
		3A560F272B7A1BFB0009AE58 /* AppDelegate.swift */ = {isa = PBXFileReference; lastKnownFileType = sourcecode.swift; path = AppDelegate.swift; sourceTree = "<group>"; };
		3A560F292B7A1BFB0009AE58 /* SceneDelegate.swift */ = {isa = PBXFileReference; lastKnownFileType = sourcecode.swift; path = SceneDelegate.swift; sourceTree = "<group>"; };
		3A560F2B2B7A1BFB0009AE58 /* ViewController.swift */ = {isa = PBXFileReference; lastKnownFileType = sourcecode.swift; path = ViewController.swift; sourceTree = "<group>"; };
		3A560F2E2B7A1BFB0009AE58 /* Base */ = {isa = PBXFileReference; lastKnownFileType = file.storyboard; name = Base; path = Base.lproj/Main.storyboard; sourceTree = "<group>"; };
		3A560F302B7A1BFC0009AE58 /* Assets.xcassets */ = {isa = PBXFileReference; lastKnownFileType = folder.assetcatalog; path = Assets.xcassets; sourceTree = "<group>"; };
		3A560F332B7A1BFC0009AE58 /* Base */ = {isa = PBXFileReference; lastKnownFileType = file.storyboard; name = Base; path = Base.lproj/LaunchScreen.storyboard; sourceTree = "<group>"; };
		3A560F352B7A1BFC0009AE58 /* Info.plist */ = {isa = PBXFileReference; lastKnownFileType = text.plist.xml; path = Info.plist; sourceTree = "<group>"; };
		3A560F3A2B7A1BFC0009AE58 /* To Do AppTests.xctest */ = {isa = PBXFileReference; explicitFileType = wrapper.cfbundle; includeInIndex = 0; path = "To Do AppTests.xctest"; sourceTree = BUILT_PRODUCTS_DIR; };
		3A560F3E2B7A1BFC0009AE58 /* To_Do_AppTests.swift */ = {isa = PBXFileReference; lastKnownFileType = sourcecode.swift; path = To_Do_AppTests.swift; sourceTree = "<group>"; };
		3A560F442B7A1BFC0009AE58 /* To Do AppUITests.xctest */ = {isa = PBXFileReference; explicitFileType = wrapper.cfbundle; includeInIndex = 0; path = "To Do AppUITests.xctest"; sourceTree = BUILT_PRODUCTS_DIR; };
		3A560F482B7A1BFC0009AE58 /* To_Do_AppUITests.swift */ = {isa = PBXFileReference; lastKnownFileType = sourcecode.swift; path = To_Do_AppUITests.swift; sourceTree = "<group>"; };
		3A560F4A2B7A1BFC0009AE58 /* To_Do_AppUITestsLaunchTests.swift */ = {isa = PBXFileReference; lastKnownFileType = sourcecode.swift; path = To_Do_AppUITestsLaunchTests.swift; sourceTree = "<group>"; };
		3A560F572B7A21640009AE58 /* TaskViewController.swift */ = {isa = PBXFileReference; lastKnownFileType = sourcecode.swift; path = TaskViewController.swift; sourceTree = "<group>"; };
		3A560F592B7A218D0009AE58 /* EntryViewController.swift */ = {isa = PBXFileReference; lastKnownFileType = sourcecode.swift; path = EntryViewController.swift; sourceTree = "<group>"; };
/* End PBXFileReference section */

/* Begin PBXFrameworksBuildPhase section */
		3A560F212B7A1BFB0009AE58 /* Frameworks */ = {
			isa = PBXFrameworksBuildPhase;
			buildActionMask = 2147483647;
			files = (
			);
			runOnlyForDeploymentPostprocessing = 0;
		};
		3A560F372B7A1BFC0009AE58 /* Frameworks */ = {
			isa = PBXFrameworksBuildPhase;
			buildActionMask = 2147483647;
			files = (
			);
			runOnlyForDeploymentPostprocessing = 0;
		};
		3A560F412B7A1BFC0009AE58 /* Frameworks */ = {
			isa = PBXFrameworksBuildPhase;
			buildActionMask = 2147483647;
			files = (
			);
			runOnlyForDeploymentPostprocessing = 0;
		};
/* End PBXFrameworksBuildPhase section */

/* Begin PBXGroup section */
		3A560F1B2B7A1BFB0009AE58 = {
			isa = PBXGroup;
			children = (
				3A560F262B7A1BFB0009AE58 /* To Do App */,
				3A560F3D2B7A1BFC0009AE58 /* To Do AppTests */,
				3A560F472B7A1BFC0009AE58 /* To Do AppUITests */,
				3A560F252B7A1BFB0009AE58 /* Products */,
			);
			sourceTree = "<group>";
		};
		3A560F252B7A1BFB0009AE58 /* Products */ = {
			isa = PBXGroup;
			children = (
				3A560F242B7A1BFB0009AE58 /* To Do App.app */,
				3A560F3A2B7A1BFC0009AE58 /* To Do AppTests.xctest */,
				3A560F442B7A1BFC0009AE58 /* To Do AppUITests.xctest */,
			);
			name = Products;
			sourceTree = "<group>";
		};
		3A560F262B7A1BFB0009AE58 /* To Do App */ = {
			isa = PBXGroup;
			children = (
				3A560F272B7A1BFB0009AE58 /* AppDelegate.swift */,
				3A560F292B7A1BFB0009AE58 /* SceneDelegate.swift */,
				3A560F2B2B7A1BFB0009AE58 /* ViewController.swift */,
				3A560F2D2B7A1BFB0009AE58 /* Main.storyboard */,
				3A560F592B7A218D0009AE58 /* EntryViewController.swift */,
				3A560F572B7A21640009AE58 /* TaskViewController.swift */,
				3A560F302B7A1BFC0009AE58 /* Assets.xcassets */,
				3A560F322B7A1BFC0009AE58 /* LaunchScreen.storyboard */,
				3A560F352B7A1BFC0009AE58 /* Info.plist */,
			);
			path = "To Do App";
			sourceTree = "<group>";
		};
		3A560F3D2B7A1BFC0009AE58 /* To Do AppTests */ = {
			isa = PBXGroup;
			children = (
				3A560F3E2B7A1BFC0009AE58 /* To_Do_AppTests.swift */,
			);
			path = "To Do AppTests";
			sourceTree = "<group>";
		};
		3A560F472B7A1BFC0009AE58 /* To Do AppUITests */ = {
			isa = PBXGroup;
			children = (
				3A560F482B7A1BFC0009AE58 /* To_Do_AppUITests.swift */,
				3A560F4A2B7A1BFC0009AE58 /* To_Do_AppUITestsLaunchTests.swift */,
			);
			path = "To Do AppUITests";
			sourceTree = "<group>";
		};
/* End PBXGroup section */

/* Begin PBXNativeTarget section */
		3A560F232B7A1BFB0009AE58 /* To Do App */ = {
			isa = PBXNativeTarget;
			buildConfigurationList = 3A560F4E2B7A1BFC0009AE58 /* Build configuration list for PBXNativeTarget "To Do App" */;
			buildPhases = (
				3A560F202B7A1BFB0009AE58 /* Sources */,
				3A560F212B7A1BFB0009AE58 /* Frameworks */,
				3A560F222B7A1BFB0009AE58 /* Resources */,
			);
			buildRules = (
			);
			dependencies = (
			);
			name = "To Do App";
			productName = "To Do App";
			productReference = 3A560F242B7A1BFB0009AE58 /* To Do App.app */;
			productType = "com.apple.product-type.application";
		};
		3A560F392B7A1BFC0009AE58 /* To Do AppTests */ = {
			isa = PBXNativeTarget;
			buildConfigurationList = 3A560F512B7A1BFC0009AE58 /* Build configuration list for PBXNativeTarget "To Do AppTests" */;
			buildPhases = (
				3A560F362B7A1BFC0009AE58 /* Sources */,
				3A560F372B7A1BFC0009AE58 /* Frameworks */,
				3A560F382B7A1BFC0009AE58 /* Resources */,
			);
			buildRules = (
			);
			dependencies = (
				3A560F3C2B7A1BFC0009AE58 /* PBXTargetDependency */,
			);
			name = "To Do AppTests";
			productName = "To Do AppTests";
			productReference = 3A560F3A2B7A1BFC0009AE58 /* To Do AppTests.xctest */;
			productType = "com.apple.product-type.bundle.unit-test";
		};
		3A560F432B7A1BFC0009AE58 /* To Do AppUITests */ = {
			isa = PBXNativeTarget;
			buildConfigurationList = 3A560F542B7A1BFC0009AE58 /* Build configuration list for PBXNativeTarget "To Do AppUITests" */;
			buildPhases = (
				3A560F402B7A1BFC0009AE58 /* Sources */,
				3A560F412B7A1BFC0009AE58 /* Frameworks */,
				3A560F422B7A1BFC0009AE58 /* Resources */,
			);
			buildRules = (
			);
			dependencies = (
				3A560F462B7A1BFC0009AE58 /* PBXTargetDependency */,
			);
			name = "To Do AppUITests";
			productName = "To Do AppUITests";
			productReference = 3A560F442B7A1BFC0009AE58 /* To Do AppUITests.xctest */;
			productType = "com.apple.product-type.bundle.ui-testing";
		};
/* End PBXNativeTarget section */

/* Begin PBXProject section */
		3A560F1C2B7A1BFB0009AE58 /* Project object */ = {
			isa = PBXProject;
			attributes = {
				BuildIndependentTargetsInParallel = 1;
				LastSwiftUpdateCheck = 1500;
				LastUpgradeCheck = 1500;
				TargetAttributes = {
					3A560F232B7A1BFB0009AE58 = {
						CreatedOnToolsVersion = 15.0;
					};
					3A560F392B7A1BFC0009AE58 = {
						CreatedOnToolsVersion = 15.0;
						TestTargetID = 3A560F232B7A1BFB0009AE58;
					};
					3A560F432B7A1BFC0009AE58 = {
						CreatedOnToolsVersion = 15.0;
						TestTargetID = 3A560F232B7A1BFB0009AE58;
					};
				};
			};
			buildConfigurationList = 3A560F1F2B7A1BFB0009AE58 /* Build configuration list for PBXProject "To Do App" */;
			compatibilityVersion = "Xcode 14.0";
			developmentRegion = en;
			hasScannedForEncodings = 0;
			knownRegions = (
				en,
				Base,
			);
			mainGroup = 3A560F1B2B7A1BFB0009AE58;
			productRefGroup = 3A560F252B7A1BFB0009AE58 /* Products */;
			projectDirPath = "";
			projectRoot = "";
			targets = (
				3A560F232B7A1BFB0009AE58 /* To Do App */,
				3A560F392B7A1BFC0009AE58 /* To Do AppTests */,
				3A560F432B7A1BFC0009AE58 /* To Do AppUITests */,
			);
		};
/* End PBXProject section */

/* Begin PBXResourcesBuildPhase section */
		3A560F222B7A1BFB0009AE58 /* Resources */ = {
			isa = PBXResourcesBuildPhase;
			buildActionMask = 2147483647;
			files = (
				3A560F342B7A1BFC0009AE58 /* LaunchScreen.storyboard in Resources */,
				3A560F312B7A1BFC0009AE58 /* Assets.xcassets in Resources */,
				3A560F2F2B7A1BFB0009AE58 /* Main.storyboard in Resources */,
			);
			runOnlyForDeploymentPostprocessing = 0;
		};
		3A560F382B7A1BFC0009AE58 /* Resources */ = {
			isa = PBXResourcesBuildPhase;
			buildActionMask = 2147483647;
			files = (
			);
			runOnlyForDeploymentPostprocessing = 0;
		};
		3A560F422B7A1BFC0009AE58 /* Resources */ = {
			isa = PBXResourcesBuildPhase;
			buildActionMask = 2147483647;
			files = (
			);
			runOnlyForDeploymentPostprocessing = 0;
		};
/* End PBXResourcesBuildPhase section */

/* Begin PBXSourcesBuildPhase section */
		3A560F202B7A1BFB0009AE58 /* Sources */ = {
			isa = PBXSourcesBuildPhase;
			buildActionMask = 2147483647;
			files = (
				3A560F2C2B7A1BFB0009AE58 /* ViewController.swift in Sources */,
				3A560F5A2B7A218D0009AE58 /* EntryViewController.swift in Sources */,
				3A560F582B7A21640009AE58 /* TaskViewController.swift in Sources */,
				3A560F282B7A1BFB0009AE58 /* AppDelegate.swift in Sources */,
				3A560F2A2B7A1BFB0009AE58 /* SceneDelegate.swift in Sources */,
			);
			runOnlyForDeploymentPostprocessing = 0;
		};
		3A560F362B7A1BFC0009AE58 /* Sources */ = {
			isa = PBXSourcesBuildPhase;
			buildActionMask = 2147483647;
			files = (
				3A560F3F2B7A1BFC0009AE58 /* To_Do_AppTests.swift in Sources */,
			);
			runOnlyForDeploymentPostprocessing = 0;
		};
		3A560F402B7A1BFC0009AE58 /* Sources */ = {
			isa = PBXSourcesBuildPhase;
			buildActionMask = 2147483647;
			files = (
				3A560F4B2B7A1BFC0009AE58 /* To_Do_AppUITestsLaunchTests.swift in Sources */,
				3A560F492B7A1BFC0009AE58 /* To_Do_AppUITests.swift in Sources */,
			);
			runOnlyForDeploymentPostprocessing = 0;
		};
/* End PBXSourcesBuildPhase section */

/* Begin PBXTargetDependency section */
		3A560F3C2B7A1BFC0009AE58 /* PBXTargetDependency */ = {
			isa = PBXTargetDependency;
			target = 3A560F232B7A1BFB0009AE58 /* To Do App */;
			targetProxy = 3A560F3B2B7A1BFC0009AE58 /* PBXContainerItemProxy */;
		};
		3A560F462B7A1BFC0009AE58 /* PBXTargetDependency */ = {
			isa = PBXTargetDependency;
			target = 3A560F232B7A1BFB0009AE58 /* To Do App */;
			targetProxy = 3A560F452B7A1BFC0009AE58 /* PBXContainerItemProxy */;
		};
/* End PBXTargetDependency section */

/* Begin PBXVariantGroup section */
		3A560F2D2B7A1BFB0009AE58 /* Main.storyboard */ = {
			isa = PBXVariantGroup;
			children = (
				3A560F2E2B7A1BFB0009AE58 /* Base */,
			);
			name = Main.storyboard;
			sourceTree = "<group>";
		};
		3A560F322B7A1BFC0009AE58 /* LaunchScreen.storyboard */ = {
			isa = PBXVariantGroup;
			children = (
				3A560F332B7A1BFC0009AE58 /* Base */,
			);
			name = LaunchScreen.storyboard;
			sourceTree = "<group>";
		};
/* End PBXVariantGroup section */

/* Begin XCBuildConfiguration section */
		3A560F4C2B7A1BFC0009AE58 /* Debug */ = {
			isa = XCBuildConfiguration;
			buildSettings = {
				ALWAYS_SEARCH_USER_PATHS = NO;
				ASSETCATALOG_COMPILER_GENERATE_SWIFT_ASSET_SYMBOL_EXTENSIONS = YES;
				CLANG_ANALYZER_NONNULL = YES;
				CLANG_ANALYZER_NUMBER_OBJECT_CONVERSION = YES_AGGRESSIVE;
				CLANG_CXX_LANGUAGE_STANDARD = "gnu++20";
				CLANG_ENABLE_MODULES = YES;
				CLANG_ENABLE_OBJC_ARC = YES;
				CLANG_ENABLE_OBJC_WEAK = YES;
				CLANG_WARN_BLOCK_CAPTURE_AUTORELEASING = YES;
				CLANG_WARN_BOOL_CONVERSION = YES;
				CLANG_WARN_COMMA = YES;
				CLANG_WARN_CONSTANT_CONVERSION = YES;
				CLANG_WARN_DEPRECATED_OBJC_IMPLEMENTATIONS = YES;
				CLANG_WARN_DIRECT_OBJC_ISA_USAGE = YES_ERROR;
				CLANG_WARN_DOCUMENTATION_COMMENTS = YES;
				CLANG_WARN_EMPTY_BODY = YES;
				CLANG_WARN_ENUM_CONVERSION = YES;
				CLANG_WARN_INFINITE_RECURSION = YES;
				CLANG_WARN_INT_CONVERSION = YES;
				CLANG_WARN_NON_LITERAL_NULL_CONVERSION = YES;
				CLANG_WARN_OBJC_IMPLICIT_RETAIN_SELF = YES;
				CLANG_WARN_OBJC_LITERAL_CONVERSION = YES;
				CLANG_WARN_OBJC_ROOT_CLASS = YES_ERROR;
				CLANG_WARN_QUOTED_INCLUDE_IN_FRAMEWORK_HEADER = YES;
				CLANG_WARN_RANGE_LOOP_ANALYSIS = YES;
				CLANG_WARN_STRICT_PROTOTYPES = YES;
				CLANG_WARN_SUSPICIOUS_MOVE = YES;
				CLANG_WARN_UNGUARDED_AVAILABILITY = YES_AGGRESSIVE;
				CLANG_WARN_UNREACHABLE_CODE = YES;
				CLANG_WARN__DUPLICATE_METHOD_MATCH = YES;
				COPY_PHASE_STRIP = NO;
				DEBUG_INFORMATION_FORMAT = dwarf;
				ENABLE_STRICT_OBJC_MSGSEND = YES;
				ENABLE_TESTABILITY = YES;
				ENABLE_USER_SCRIPT_SANDBOXING = YES;
				GCC_C_LANGUAGE_STANDARD = gnu17;
				GCC_DYNAMIC_NO_PIC = NO;
				GCC_NO_COMMON_BLOCKS = YES;
				GCC_OPTIMIZATION_LEVEL = 0;
				GCC_PREPROCESSOR_DEFINITIONS = (
					"DEBUG=1",
					"$(inherited)",
				);
				GCC_WARN_64_TO_32_BIT_CONVERSION = YES;
				GCC_WARN_ABOUT_RETURN_TYPE = YES_ERROR;
				GCC_WARN_UNDECLARED_SELECTOR = YES;
				GCC_WARN_UNINITIALIZED_AUTOS = YES_AGGRESSIVE;
				GCC_WARN_UNUSED_FUNCTION = YES;
				GCC_WARN_UNUSED_VARIABLE = YES;
				IPHONEOS_DEPLOYMENT_TARGET = 17.0;
				LOCALIZATION_PREFERS_STRING_CATALOGS = YES;
				MTL_ENABLE_DEBUG_INFO = INCLUDE_SOURCE;
				MTL_FAST_MATH = YES;
				ONLY_ACTIVE_ARCH = YES;
				SDKROOT = iphoneos;
				SWIFT_ACTIVE_COMPILATION_CONDITIONS = "DEBUG $(inherited)";
				SWIFT_OPTIMIZATION_LEVEL = "-Onone";
			};
			name = Debug;
		};
		3A560F4D2B7A1BFC0009AE58 /* Release */ = {
			isa = XCBuildConfiguration;
			buildSettings = {
				ALWAYS_SEARCH_USER_PATHS = NO;
				ASSETCATALOG_COMPILER_GENERATE_SWIFT_ASSET_SYMBOL_EXTENSIONS = YES;
				CLANG_ANALYZER_NONNULL = YES;
				CLANG_ANALYZER_NUMBER_OBJECT_CONVERSION = YES_AGGRESSIVE;
				CLANG_CXX_LANGUAGE_STANDARD = "gnu++20";
				CLANG_ENABLE_MODULES = YES;
				CLANG_ENABLE_OBJC_ARC = YES;
				CLANG_ENABLE_OBJC_WEAK = YES;
				CLANG_WARN_BLOCK_CAPTURE_AUTORELEASING = YES;
				CLANG_WARN_BOOL_CONVERSION = YES;
				CLANG_WARN_COMMA = YES;
				CLANG_WARN_CONSTANT_CONVERSION = YES;
				CLANG_WARN_DEPRECATED_OBJC_IMPLEMENTATIONS = YES;
				CLANG_WARN_DIRECT_OBJC_ISA_USAGE = YES_ERROR;
				CLANG_WARN_DOCUMENTATION_COMMENTS = YES;
				CLANG_WARN_EMPTY_BODY = YES;
				CLANG_WARN_ENUM_CONVERSION = YES;
				CLANG_WARN_INFINITE_RECURSION = YES;
				CLANG_WARN_INT_CONVERSION = YES;
				CLANG_WARN_NON_LITERAL_NULL_CONVERSION = YES;
				CLANG_WARN_OBJC_IMPLICIT_RETAIN_SELF = YES;
				CLANG_WARN_OBJC_LITERAL_CONVERSION = YES;
				CLANG_WARN_OBJC_ROOT_CLASS = YES_ERROR;
				CLANG_WARN_QUOTED_INCLUDE_IN_FRAMEWORK_HEADER = YES;
				CLANG_WARN_RANGE_LOOP_ANALYSIS = YES;
				CLANG_WARN_STRICT_PROTOTYPES = YES;
				CLANG_WARN_SUSPICIOUS_MOVE = YES;
				CLANG_WARN_UNGUARDED_AVAILABILITY = YES_AGGRESSIVE;
				CLANG_WARN_UNREACHABLE_CODE = YES;
				CLANG_WARN__DUPLICATE_METHOD_MATCH = YES;
				COPY_PHASE_STRIP = NO;
				DEBUG_INFORMATION_FORMAT = "dwarf-with-dsym";
				ENABLE_NS_ASSERTIONS = NO;
				ENABLE_STRICT_OBJC_MSGSEND = YES;
				ENABLE_USER_SCRIPT_SANDBOXING = YES;
				GCC_C_LANGUAGE_STANDARD = gnu17;
				GCC_NO_COMMON_BLOCKS = YES;
				GCC_WARN_64_TO_32_BIT_CONVERSION = YES;
				GCC_WARN_ABOUT_RETURN_TYPE = YES_ERROR;
				GCC_WARN_UNDECLARED_SELECTOR = YES;
				GCC_WARN_UNINITIALIZED_AUTOS = YES_AGGRESSIVE;
				GCC_WARN_UNUSED_FUNCTION = YES;
				GCC_WARN_UNUSED_VARIABLE = YES;
				IPHONEOS_DEPLOYMENT_TARGET = 17.0;
				LOCALIZATION_PREFERS_STRING_CATALOGS = YES;
				MTL_ENABLE_DEBUG_INFO = NO;
				MTL_FAST_MATH = YES;
				SDKROOT = iphoneos;
				SWIFT_COMPILATION_MODE = wholemodule;
				VALIDATE_PRODUCT = YES;
			};
			name = Release;
		};
		3A560F4F2B7A1BFC0009AE58 /* Debug */ = {
			isa = XCBuildConfiguration;
			buildSettings = {
				ASSETCATALOG_COMPILER_APPICON_NAME = AppIcon;
				ASSETCATALOG_COMPILER_GLOBAL_ACCENT_COLOR_NAME = AccentColor;
				CODE_SIGN_STYLE = Automatic;
				CURRENT_PROJECT_VERSION = 1;
				GENERATE_INFOPLIST_FILE = YES;
				INFOPLIST_FILE = "To Do App/Info.plist";
				INFOPLIST_KEY_UIApplicationSupportsIndirectInputEvents = YES;
				INFOPLIST_KEY_UILaunchStoryboardName = LaunchScreen;
				INFOPLIST_KEY_UIMainStoryboardFile = Main;
				INFOPLIST_KEY_UISupportedInterfaceOrientations_iPad = "UIInterfaceOrientationPortrait UIInterfaceOrientationPortraitUpsideDown UIInterfaceOrientationLandscapeLeft UIInterfaceOrientationLandscapeRight";
				INFOPLIST_KEY_UISupportedInterfaceOrientations_iPhone = "UIInterfaceOrientationPortrait UIInterfaceOrientationLandscapeLeft UIInterfaceOrientationLandscapeRight";
				LD_RUNPATH_SEARCH_PATHS = (
					"$(inherited)",
					"@executable_path/Frameworks",
				);
				MARKETING_VERSION = 1.0;
				PRODUCT_BUNDLE_IDENTIFIER = "marlmyn.To-Do-App";
				PRODUCT_NAME = "$(TARGET_NAME)";
				SWIFT_EMIT_LOC_STRINGS = YES;
				SWIFT_VERSION = 5.0;
				TARGETED_DEVICE_FAMILY = "1,2";
			};
			name = Debug;
		};
		3A560F502B7A1BFC0009AE58 /* Release */ = {
			isa = XCBuildConfiguration;
			buildSettings = {
				ASSETCATALOG_COMPILER_APPICON_NAME = AppIcon;
				ASSETCATALOG_COMPILER_GLOBAL_ACCENT_COLOR_NAME = AccentColor;
				CODE_SIGN_STYLE = Automatic;
				CURRENT_PROJECT_VERSION = 1;
				GENERATE_INFOPLIST_FILE = YES;
				INFOPLIST_FILE = "To Do App/Info.plist";
				INFOPLIST_KEY_UIApplicationSupportsIndirectInputEvents = YES;
				INFOPLIST_KEY_UILaunchStoryboardName = LaunchScreen;
				INFOPLIST_KEY_UIMainStoryboardFile = Main;
				INFOPLIST_KEY_UISupportedInterfaceOrientations_iPad = "UIInterfaceOrientationPortrait UIInterfaceOrientationPortraitUpsideDown UIInterfaceOrientationLandscapeLeft UIInterfaceOrientationLandscapeRight";
				INFOPLIST_KEY_UISupportedInterfaceOrientations_iPhone = "UIInterfaceOrientationPortrait UIInterfaceOrientationLandscapeLeft UIInterfaceOrientationLandscapeRight";
				LD_RUNPATH_SEARCH_PATHS = (
					"$(inherited)",
					"@executable_path/Frameworks",
				);
				MARKETING_VERSION = 1.0;
				PRODUCT_BUNDLE_IDENTIFIER = "marlmyn.To-Do-App";
				PRODUCT_NAME = "$(TARGET_NAME)";
				SWIFT_EMIT_LOC_STRINGS = YES;
				SWIFT_VERSION = 5.0;
				TARGETED_DEVICE_FAMILY = "1,2";
			};
			name = Release;
		};
		3A560F522B7A1BFC0009AE58 /* Debug */ = {
			isa = XCBuildConfiguration;
			buildSettings = {
				ALWAYS_EMBED_SWIFT_STANDARD_LIBRARIES = YES;
				BUNDLE_LOADER = "$(TEST_HOST)";
				CODE_SIGN_STYLE = Automatic;
				CURRENT_PROJECT_VERSION = 1;
				GENERATE_INFOPLIST_FILE = YES;
				IPHONEOS_DEPLOYMENT_TARGET = 17.0;
				MARKETING_VERSION = 1.0;
				PRODUCT_BUNDLE_IDENTIFIER = "marlmyn.To-Do-AppTests";
				PRODUCT_NAME = "$(TARGET_NAME)";
				SWIFT_EMIT_LOC_STRINGS = NO;
				SWIFT_VERSION = 5.0;
				TARGETED_DEVICE_FAMILY = "1,2";
				TEST_HOST = "$(BUILT_PRODUCTS_DIR)/To Do App.app/$(BUNDLE_EXECUTABLE_FOLDER_PATH)/To Do App";
			};
			name = Debug;
		};
		3A560F532B7A1BFC0009AE58 /* Release */ = {
			isa = XCBuildConfiguration;
			buildSettings = {
				ALWAYS_EMBED_SWIFT_STANDARD_LIBRARIES = YES;
				BUNDLE_LOADER = "$(TEST_HOST)";
				CODE_SIGN_STYLE = Automatic;
				CURRENT_PROJECT_VERSION = 1;
				GENERATE_INFOPLIST_FILE = YES;
				IPHONEOS_DEPLOYMENT_TARGET = 17.0;
				MARKETING_VERSION = 1.0;
				PRODUCT_BUNDLE_IDENTIFIER = "marlmyn.To-Do-AppTests";
				PRODUCT_NAME = "$(TARGET_NAME)";
				SWIFT_EMIT_LOC_STRINGS = NO;
				SWIFT_VERSION = 5.0;
				TARGETED_DEVICE_FAMILY = "1,2";
				TEST_HOST = "$(BUILT_PRODUCTS_DIR)/To Do App.app/$(BUNDLE_EXECUTABLE_FOLDER_PATH)/To Do App";
			};
			name = Release;
		};
		3A560F552B7A1BFC0009AE58 /* Debug */ = {
			isa = XCBuildConfiguration;
			buildSettings = {
				ALWAYS_EMBED_SWIFT_STANDARD_LIBRARIES = YES;
				CODE_SIGN_STYLE = Automatic;
				CURRENT_PROJECT_VERSION = 1;
				GENERATE_INFOPLIST_FILE = YES;
				MARKETING_VERSION = 1.0;
				PRODUCT_BUNDLE_IDENTIFIER = "marlmyn.To-Do-AppUITests";
				PRODUCT_NAME = "$(TARGET_NAME)";
				SWIFT_EMIT_LOC_STRINGS = NO;
				SWIFT_VERSION = 5.0;
				TARGETED_DEVICE_FAMILY = "1,2";
				TEST_TARGET_NAME = "To Do App";
			};
			name = Debug;
		};
		3A560F562B7A1BFC0009AE58 /* Release */ = {
			isa = XCBuildConfiguration;
			buildSettings = {
				ALWAYS_EMBED_SWIFT_STANDARD_LIBRARIES = YES;
				CODE_SIGN_STYLE = Automatic;
				CURRENT_PROJECT_VERSION = 1;
				GENERATE_INFOPLIST_FILE = YES;
				MARKETING_VERSION = 1.0;
				PRODUCT_BUNDLE_IDENTIFIER = "marlmyn.To-Do-AppUITests";
				PRODUCT_NAME = "$(TARGET_NAME)";
				SWIFT_EMIT_LOC_STRINGS = NO;
				SWIFT_VERSION = 5.0;
				TARGETED_DEVICE_FAMILY = "1,2";
				TEST_TARGET_NAME = "To Do App";
			};
			name = Release;
		};
/* End XCBuildConfiguration section */

/* Begin XCConfigurationList section */
		3A560F1F2B7A1BFB0009AE58 /* Build configuration list for PBXProject "To Do App" */ = {
			isa = XCConfigurationList;
			buildConfigurations = (
				3A560F4C2B7A1BFC0009AE58 /* Debug */,
				3A560F4D2B7A1BFC0009AE58 /* Release */,
			);
			defaultConfigurationIsVisible = 0;
			defaultConfigurationName = Release;
		};
		3A560F4E2B7A1BFC0009AE58 /* Build configuration list for PBXNativeTarget "To Do App" */ = {
			isa = XCConfigurationList;
			buildConfigurations = (
				3A560F4F2B7A1BFC0009AE58 /* Debug */,
				3A560F502B7A1BFC0009AE58 /* Release */,
			);
			defaultConfigurationIsVisible = 0;
			defaultConfigurationName = Release;
		};
		3A560F512B7A1BFC0009AE58 /* Build configuration list for PBXNativeTarget "To Do AppTests" */ = {
			isa = XCConfigurationList;
			buildConfigurations = (
				3A560F522B7A1BFC0009AE58 /* Debug */,
				3A560F532B7A1BFC0009AE58 /* Release */,
			);
			defaultConfigurationIsVisible = 0;
			defaultConfigurationName = Release;
		};
		3A560F542B7A1BFC0009AE58 /* Build configuration list for PBXNativeTarget "To Do AppUITests" */ = {
			isa = XCConfigurationList;
			buildConfigurations = (
				3A560F552B7A1BFC0009AE58 /* Debug */,
				3A560F562B7A1BFC0009AE58 /* Release */,
			);
			defaultConfigurationIsVisible = 0;
			defaultConfigurationName = Release;
		};
/* End XCConfigurationList section */
	};
	rootObject = 3A560F1C2B7A1BFB0009AE58 /* Project object */;
}
